<?xml version="1.0" encoding="utf-8"?>
<Project ToolsVersion="4.0" xmlns="http://schemas.microsoft.com/developer/msbuild/2003">
  <ItemGroup>
    <Filter Include="Core"><UniqueIdentifier>{36979C23-82C4-498D-B3EE-676A01C0EBBD}</UniqueIdentifier></Filter>
    <Filter Include="Graphics"><UniqueIdentifier>{A3DC9B4C-EB11-4E6F-9315-917D754BAA87}</UniqueIdentifier></Filter>
    <Filter Include="Loaders"><UniqueIdentifier>{0D9379D8-D02C-4657-90B5-55DA3C45EC55}</UniqueIdentifier></Filter>
  </ItemGroup>
  <ItemGroup>
    <ClCompile Include="Source\Core\Common.cpp"><Filter>Core</Filter></ClCompile>
    <ClCompile Include="Source\Core\Engine.cpp"><Filter>Core</Filter></ClCompile>
    <ClCompile Include="Source\Core\TextEncoding.cpp"><Filter>Core</Filter></ClCompile>
    <ClCompile Include="Source\Core\Window.cpp"><Filter>Core</Filter></ClCompile>
    <ClCompile Include="Source\Graphics\DepthTarget.cpp"><Filter>Graphics</Filter></ClCompile>
    <ClCompile Include="Source\Graphics\DescriptorAllocator.cpp"><Filter>Graphics</Filter></ClCompile>
    <ClCompile Include="Source\Graphics\GraphicsDevice.cpp"><Filter>Graphics</Filter></ClCompile>
    <ClCompile Include="Source\Graphics\Image.cpp"><Filter>Graphics</Filter></ClCompile>
    <ClCompile Include="Source\Graphics\Mesh.cpp"><Filter>Graphics</Filter></ClCompile>
    <ClCompile Include="Source\Graphics\Renderer.cpp"><Filter>Graphics</Filter></ClCompile>
    <ClCompile Include="Source\Graphics\RenderTarget.cpp"><Filter>Graphics</Filter></ClCompile>
    <ClCompile Include="Source\Graphics\ResourceManager.cpp"><Filter>Graphics</Filter></ClCompile>
    <ClCompile Include="Source\Graphics\SwapChain.cpp"><Filter>Graphics</Filter></ClCompile>
    <ClCompile Include="Source\Loaders\ObjLoader.cpp"><Filter>Loaders</Filter></ClCompile>
  </ItemGroup>
  <ItemGroup>
    <ClInclude Include="Source\Core\Common.h"><Filter>Core</Filter></ClInclude>
    <ClInclude Include="Source\Core\Engine.h"><Filter>Core</Filter></ClInclude>
    <ClInclude Include="Source\Core\TextEncoding.h"><Filter>Core</Filter></ClInclude>
    <ClInclude Include="Source\Core\Timer.h"><Filter>Core</Filter></ClInclude>
    <ClInclude Include="Source\Core\Window.h"><Filter>Core</Filter></ClInclude>
    <ClInclude Include="Source\Core\World.h"><Filter>Core</Filter></ClInclude>
    <ClInclude Include="Source\Graphics\DepthTarget.h"><Filter>Graphics</Filter></ClInclude>
    <ClInclude Include="Source\Graphics\DescriptorAllocator.h"><Filter>Graphics</Filter></ClInclude>
    <ClInclude Include="Source\Graphics\FrameResource.h"><Filter>Graphics</Filter></ClInclude>
    <ClInclude Include="Source\Graphics\GraphicsDevice.h"><Filter>Graphics</Filter></ClInclude>
    <ClInclude Include="Source\Graphics\Handles.h"><Filter>Graphics</Filter></ClInclude>
    <ClInclude Include="Source\Graphics\Image.h"><Filter>Graphics</Filter></ClInclude>
    <ClInclude Include="Source\Graphics\Mesh.h"><Filter>Graphics</Filter></ClInclude>
    <ClInclude Include="Source\Graphics\RenderData.h"><Filter>Graphics</Filter></ClInclude>
    <ClInclude Include="Source\Graphics\Renderer.h"><Filter>Graphics</Filter></ClInclude>
    <ClInclude Include="Source\Graphics\RenderTarget.h"><Filter>Graphics</Filter></ClInclude>
    <ClInclude Include="Source\Graphics\ResourceManager.h"><Filter>Graphics</Filter></ClInclude>
    <ClInclude Include="Source\Graphics\SwapChain.h"><Filter>Graphics</Filter></ClInclude>
    <ClInclude Include="Source\Loaders\ObjLoader.h"><Filter>Loaders</Filter></ClInclude>
  </ItemGroup>
</Project>
