<?xml version="1.0" encoding="utf-8"?>
<Project ToolsVersion="4.0" xmlns="http://schemas.microsoft.com/developer/msbuild/2003">
  <ItemGroup>
    <Filter Include="Core">
      <UniqueIdentifier>{36979C23-82C4-498D-B3EE-676A01C0EBBD}</UniqueIdentifier>
    </Filter>
    <Filter Include="Game">
      <UniqueIdentifier>{71C9D462-74F4-41C9-9C25-4BD458082596}</UniqueIdentifier>
    </Filter>
    <Filter Include="Graphics">
      <UniqueIdentifier>{A3DC9B4C-EB11-4E6F-9315-917D754BAA87}</UniqueIdentifier>
    </Filter>
    <Filter Include="Loaders">
      <UniqueIdentifier>{0D9379D8-D02C-4657-90B5-55DA3C45EC55}</UniqueIdentifier>
    </Filter>
    <Filter Include="Shaders">
      <UniqueIdentifier>{B672E808-F862-45A0-AFBC-D24F2139EBC4}</UniqueIdentifier>
    </Filter>
    <Filter Include="ThirdParty">
      <UniqueIdentifier>{5BE3BF77-B65F-4BB2-B206-4829634536AA}</UniqueIdentifier>
    </Filter>
  </ItemGroup>
  <ItemGroup>
    <ClCompile Include="Source\Core\Common.cpp">
      <Filter>Core</Filter>
    </ClCompile>
    <ClCompile Include="Source\Core\Engine.cpp">
      <Filter>Core</Filter>
    </ClCompile>
    <ClCompile Include="Source\Core\Window.cpp">
      <Filter>Core</Filter>
    </ClCompile>
    <ClCompile Include="Source\Game\BuildWorld.cpp">
      <Filter>Game</Filter>
    </ClCompile>
    <ClCompile Include="Source\Game\DebugUI.cpp">
      <Filter>Game</Filter>
    </ClCompile>
    <ClCompile Include="Source\Game\DemoGame.cpp">
      <Filter>Game</Filter>
    </ClCompile>
    <ClCompile Include="Source\Game\Main.cpp">
      <Filter>Game</Filter>
    </ClCompile>
    <ClCompile Include="Source\Game\AssetBrowser.cpp">
      <Filter>Game</Filter>
    </ClCompile>
    <ClCompile Include="Source\Game\Picking.cpp">
      <Filter>Game</Filter>
    </ClCompile>
    <ClCompile Include="Source\Game\Scene.cpp">
      <Filter>Game</Filter>
    </ClCompile>
    <ClCompile Include="Source\Game\Systems.cpp">
      <Filter>Game</Filter>
    </ClCompile>
    <ClCompile Include="Source\Graphics\DescriptorAllocator.cpp">
      <Filter>Graphics</Filter>
    </ClCompile>
    <ClCompile Include="Source\Graphics\GraphicsDevice.cpp">
      <Filter>Graphics</Filter>
    </ClCompile>
    <ClCompile Include="Source\Graphics\Image.cpp">
      <Filter>Graphics</Filter>
    </ClCompile>
    <ClCompile Include="Source\Graphics\ImGuiLayer.cpp">
      <Filter>Graphics</Filter>
    </ClCompile>
    <ClCompile Include="Source\Graphics\Mesh.cpp">
      <Filter>Graphics</Filter>
    </ClCompile>
    <ClCompile Include="Source\Graphics\Renderer.cpp">
      <Filter>Graphics</Filter>
    </ClCompile>
    <ClCompile Include="Source\Graphics\RenderTarget.cpp">
      <Filter>Graphics</Filter>
    </ClCompile>
    <ClCompile Include="Source\Graphics\ResourceManager.cpp">
      <Filter>Graphics</Filter>
    </ClCompile>
    <ClCompile Include="Source\Graphics\SwapChain.cpp">
      <Filter>Graphics</Filter>
    </ClCompile>
    <ClCompile Include="Source\Loaders\ObjLoader.cpp">
      <Filter>Loaders</Filter>
    </ClCompile>
    <ClCompile Include="..\ThirdParty\imgui\imgui.cpp">
      <Filter>ThirdParty</Filter>
    </ClCompile>
    <ClCompile Include="..\ThirdParty\imgui\imgui_draw.cpp">
      <Filter>ThirdParty</Filter>
    </ClCompile>
    <ClCompile Include="..\ThirdParty\imgui\imgui_tables.cpp">
      <Filter>ThirdParty</Filter>
    </ClCompile>
    <ClCompile Include="..\ThirdParty\imgui\imgui_widgets.cpp">
      <Filter>ThirdParty</Filter>
    </ClCompile>
    <ClCompile Include="..\ThirdParty\imgui\backends\imgui_impl_win32.cpp">
      <Filter>ThirdParty</Filter>
    </ClCompile>
    <ClCompile Include="..\ThirdParty\imgui\backends\imgui_impl_dx12.cpp">
      <Filter>ThirdParty</Filter>
    </ClCompile>
  </ItemGroup>
  <ItemGroup>
    <ClInclude Include="Source\Core\Common.h">
      <Filter>Core</Filter>
    </ClInclude>
    <ClInclude Include="Source\Core\Engine.h">
      <Filter>Core</Filter>
    </ClInclude>
    <ClInclude Include="Source\Core\Timer.h">
      <Filter>Core</Filter>
    </ClInclude>
    <ClInclude Include="Source\Core\Window.h">
      <Filter>Core</Filter>
    </ClInclude>
    <ClInclude Include="Source\Core\World.h">
      <Filter>Core</Filter>
    </ClInclude>
    <ClInclude Include="Source\Game\AssetBrowser.h">
      <Filter>Game</Filter>
    </ClInclude>
    <ClInclude Include="Source\Game\BuildWorld.h">
      <Filter>Game</Filter>
    </ClInclude>
    <ClInclude Include="Source\Game\Components.h">
      <Filter>Game</Filter>
    </ClInclude>
    <ClInclude Include="Source\Game\DebugUI.h">
      <Filter>Game</Filter>
    </ClInclude>
    <ClInclude Include="Source\Game\DemoGame.h">
      <Filter>Game</Filter>
    </ClInclude>
    <ClInclude Include="Source\Game\Picking.h">
      <Filter>Game</Filter>
    </ClInclude>
    <ClInclude Include="Source\Game\Scene.h">
      <Filter>Game</Filter>
    </ClInclude>
    <ClInclude Include="Source\Game\Systems.h">
      <Filter>Game</Filter>
    </ClInclude>
    <ClInclude Include="Source\Graphics\DescriptorAllocator.h">
      <Filter>Graphics</Filter>
    </ClInclude>
    <ClInclude Include="Source\Graphics\FrameResource.h">
      <Filter>Graphics</Filter>
    </ClInclude>
    <ClInclude Include="Source\Graphics\GraphicsDevice.h">
      <Filter>Graphics</Filter>
    </ClInclude>
    <ClInclude Include="Source\Graphics\Image.h">
      <Filter>Graphics</Filter>
    </ClInclude>
    <ClInclude Include="Source\Graphics\ImGuiLayer.h">
      <Filter>Graphics</Filter>
    </ClInclude>
    <ClInclude Include="Source\Graphics\Mesh.h">
      <Filter>Graphics</Filter>
    </ClInclude>
    <ClInclude Include="Source\Graphics\RenderData.h">
      <Filter>Graphics</Filter>
    </ClInclude>
    <ClInclude Include="Source\Graphics\Renderer.h">
      <Filter>Graphics</Filter>
    </ClInclude>
    <ClInclude Include="Source\Graphics\RenderTarget.h">
      <Filter>Graphics</Filter>
    </ClInclude>
    <ClInclude Include="Source\Graphics\ResourceManager.h">
      <Filter>Graphics</Filter>
    </ClInclude>
    <ClInclude Include="Source\Graphics\SwapChain.h">
      <Filter>Graphics</Filter>
    </ClInclude>
    <ClInclude Include="Source\Loaders\ObjLoader.h">
      <Filter>Loaders</Filter>
    </ClInclude>
  </ItemGroup>
  <ItemGroup>
    <None Include="Shaders\Basic.hlsl">
      <Filter>Shaders</Filter>
    </None>
  </ItemGroup>
</Project>
